
Microsoft Visual Studio Solution File, Format Version 12.00
# Visual Studio Version 17
VisualStudioVersion = 17.5.002.0
MinimumVisualStudioVersion = 10.0.40219.1
Project("{9A19103F-16F7-4668-BE54-9A1E7A4F7556}") = "TdeAula2", "TdeAula2.csproj", "{685152B9-C61D-4DF6-9211-43664EC686F6}"
EndProject
Global
	GlobalSection(SolutionConfigurationPlatforms) = preSolution
		Debug|Any CPU = Debug|Any CPU
		Release|Any CPU = Release|Any CPU
	EndGlobalSection
	GlobalSection(ProjectConfigurationPlatforms) = postSolution
		{685152B9-C61D-4DF6-9211-43664EC686F6}.Debug|Any CPU.ActiveCfg = Debug|Any CPU
		{685152B9-C61D-4DF6-9211-43664EC686F6}.Debug|Any CPU.Build.0 = Debug|Any CPU
		{685152B9-C61D-4DF6-9211-43664EC686F6}.Release|Any CPU.ActiveCfg = Release|Any CPU
		{685152B9-C61D-4DF6-9211-43664EC686F6}.Release|Any CPU.Build.0 = Release|Any CPU
	EndGlobalSection
	GlobalSection(SolutionProperties) = preSolution
		HideSolutionNode = FALSE
	EndGlobalSection
	GlobalSection(ExtensibilityGlobals) = postSolution
		SolutionGuid = {10CE2B89-AEC1-4656-8019-E540E9C436B3}
	EndGlobalSection
EndGlobal
